{
  "lockfile_version": "1",
  "packages": {
    "python@3.10": {
      "last_modified": "2024-03-27T05:47:59-04:00",
      "plugin_version": "0.0.3",
      "resolved": "github:NixOS/nixpkgs/2230a20f2b5a14f2db3d7f13a2dc3c22517e790b#python310",
      "source": "devbox-search",
      "version": "3.10.14",
      "systems": {
        "aarch64-darwin": {
          "outputs": [
            {
              "name": "out",
              "path": "/nix/store/hrg1v4jnfprcnw5wbyx32ghas7fpbf1x-python3-3.10.14",
              "default": true
            }
          ],
          "store_path": "/nix/store/hrg1v4jnfprcnw5wbyx32ghas7fpbf1x-python3-3.10.14"
        },
        "aarch64-linux": {
          "outputs": [
            {
              "name": "out",
              "path": "/nix/store/10iqd7n59c3aznxlqwxk7s0qpvwpkkv6-python3-3.10.14",
              "default": true
            },
            {
              "name": "debug",
              "path": "/nix/store/6iardl19cpfl28y2ibbz1k64qg9fgk8d-python3-3.10.14-debug"
            }
          ],
          "store_path": "/nix/store/10iqd7n59c3aznxlqwxk7s0qpvwpkkv6-python3-3.10.14"
        },
        "x86_64-darwin": {
          "outputs": [
            {
              "name": "out",
              "path": "/nix/store/klrpgzac7vw4k1g5sia83fkzb63w3g6r-python3-3.10.14",
              "default": true
            }
          ],
          "store_path": "/nix/store/klrpgzac7vw4k1g5sia83fkzb63w3g6r-python3-3.10.14"
        },
        "x86_64-linux": {
          "outputs": [
            {
              "name": "out",
              "path": "/nix/store/qq3101yfil8kpbifljs2fnppf6857y8c-python3-3.10.14",
              "default": true
            },
            {
              "name": "debug",
              "path": "/nix/store/l80insbr2cawr8cpy2bdip8hin9jjaxz-python3-3.10.14-debug"
            }
          ],
          "store_path": "/nix/store/qq3101yfil8kpbifljs2fnppf6857y8c-python3-3.10.14"
        }
      }
    }
  }
}
